
Microsoft Visual Studio Solution File, Format Version 12.00
# Visual Studio 15
VisualStudioVersion = 15.0.27130.2024
MinimumVisualStudioVersion = 10.0.40219.1
Project("{FAE04EC0-301F-11D3-BF4B-00C04F79EFBC}") = "CoffeeBot", "CoffeeBot\CoffeeBot.csproj", "{59C348E7-64E9-43A7-9CDB-08D2A5882867}"
EndProject
Global
	GlobalSection(SolutionConfigurationPlatforms) = preSolution
		Debug|Any CPU = Debug|Any CPU
		Release|Any CPU = Release|Any CPU
	EndGlobalSection
	GlobalSection(ProjectConfigurationPlatforms) = postSolution
		{59C348E7-64E9-43A7-9CDB-08D2A5882867}.Debug|Any CPU.ActiveCfg = Debug|Any CPU
		{59C348E7-64E9-43A7-9CDB-08D2A5882867}.Debug|Any CPU.Build.0 = Debug|Any CPU
		{59C348E7-64E9-43A7-9CDB-08D2A5882867}.Release|Any CPU.ActiveCfg = Release|Any CPU
		{59C348E7-64E9-43A7-9CDB-08D2A5882867}.Release|Any CPU.Build.0 = Release|Any CPU
	EndGlobalSection
	GlobalSection(SolutionProperties) = preSolution
		HideSolutionNode = FALSE
	EndGlobalSection
	GlobalSection(ExtensibilityGlobals) = postSolution
		SolutionGuid = {19945F08-FAB1-486D-A2BD-5569DA6649BB}
	EndGlobalSection
EndGlobal
